
Microsoft Visual Studio Solution File, Format Version 12.00
# Visual Studio 2012
Project("{FAE04EC0-301F-11D3-BF4B-00C04F79EFBC}") = "BoneAnalyser", "BoneAnalyser\BoneAnalyser.csproj", "{43E5F8A3-4921-4555-A719-4654B57A76A0}"
EndProject
Project("{FAE04EC0-301F-11D3-BF4B-00C04F79EFBC}") = "AnalyseLibrary", "AnalyseLibrary\AnalyseLibrary.csproj", "{77062C73-2F3D-4B06-8EB1-FD15F0EE5C7E}"
EndProject
Global
	GlobalSection(SolutionConfigurationPlatforms) = preSolution
		Debug|Any CPU = Debug|Any CPU
		Release|Any CPU = Release|Any CPU
	EndGlobalSection
	GlobalSection(ProjectConfigurationPlatforms) = postSolution
		{43E5F8A3-4921-4555-A719-4654B57A76A0}.Debug|Any CPU.ActiveCfg = Debug|Any CPU
		{43E5F8A3-4921-4555-A719-4654B57A76A0}.Debug|Any CPU.Build.0 = Debug|Any CPU
		{43E5F8A3-4921-4555-A719-4654B57A76A0}.Release|Any CPU.ActiveCfg = Release|Any CPU
		{43E5F8A3-4921-4555-A719-4654B57A76A0}.Release|Any CPU.Build.0 = Release|Any CPU
		{77062C73-2F3D-4B06-8EB1-FD15F0EE5C7E}.Debug|Any CPU.ActiveCfg = Debug|Any CPU
		{77062C73-2F3D-4B06-8EB1-FD15F0EE5C7E}.Debug|Any CPU.Build.0 = Debug|Any CPU
		{77062C73-2F3D-4B06-8EB1-FD15F0EE5C7E}.Release|Any CPU.ActiveCfg = Release|Any CPU
		{77062C73-2F3D-4B06-8EB1-FD15F0EE5C7E}.Release|Any CPU.Build.0 = Release|Any CPU
	EndGlobalSection
	GlobalSection(SolutionProperties) = preSolution
		HideSolutionNode = FALSE
	EndGlobalSection
EndGlobal
